<?xml version="1.0" encoding="utf-8"?>
<Project ToolsVersion="4.0" xmlns="http://schemas.microsoft.com/developer/msbuild/2003">
  <ItemGroup>
    <Filter Include="Source Files">
      <UniqueIdentifier>{4FC737F1-C7A5-4376-A066-2A32D752A2FF}</UniqueIdentifier>
      <Extensions>cpp;c;cc;cxx;def;odl;idl;hpj;bat;asm;asmx</Extensions>
    </Filter>
    <Filter Include="Header Files">
      <UniqueIdentifier>{93995380-89BD-4b04-88EB-625FBE52EBFB}</UniqueIdentifier>
      <Extensions>h;hh;hpp;hxx;hm;inl;inc;ipp;xsd</Extensions>
    </Filter>
    <Filter Include="Resource Files">
      <UniqueIdentifier>{67DA6AB6-F800-4c08-8B7A-83BB121AAD01}</UniqueIdentifier>
      <Extensions>rc;ico;cur;bmp;dlg;rc2;rct;bin;rgs;gif;jpg;jpeg;jpe;resx;tiff;tif;png;wav;mfcribbon-ms</Extensions>
    </Filter>
  </ItemGroup>
  <ItemGroup>
    <ClCompile Include="Source.cpp">
      <Filter>Source Files</Filter>
    </ClCompile>
    <ClCompile Include="GameMaster.cpp">
      <Filter>Source Files</Filter>
    </ClCompile>
    <ClCompile Include="GameObject.cpp">
      <Filter>Source Files</Filter>
    </ClCompile>
    <ClCompile Include="GameEntity.cpp">
      <Filter>Source Files</Filter>
    </ClCompile>
    <ClCompile Include="FocusableElement.cpp">
      <Filter>Source Files</Filter>
    </ClCompile>
    <ClCompile Include="MobileEntity.cpp">
      <Filter>Source Files</Filter>
    </ClCompile>
    <ClCompile Include="Mur.cpp">
      <Filter>Source Files</Filter>
    </ClCompile>
    <ClCompile Include="OneWay.cpp">
      <Filter>Source Files</Filter>
    </ClCompile>
    <ClCompile Include="Scene.cpp">
      <Filter>Source Files</Filter>
    </ClCompile>
    <ClCompile Include="Player.cpp">
      <Filter>Source Files</Filter>
    </ClCompile>
    <ClCompile Include="Map.cpp">
      <Filter>Source Files</Filter>
    </ClCompile>
    <ClCompile Include="spike.cpp">
      <Filter>Source Files</Filter>
    </ClCompile>
    <ClCompile Include="MobileGameplayElement.cpp">
      <Filter>Source Files</Filter>
    </ClCompile>
    <ClCompile Include="PaintableElement.cpp">
      <Filter>Source Files</Filter>
    </ClCompile>
    <ClCompile Include="Bouteille.cpp">
      <Filter>Source Files</Filter>
    </ClCompile>
    <ClCompile Include="Switch.cpp">
      <Filter>Source Files</Filter>
    </ClCompile>
    <ClCompile Include="Rocher.cpp">
      <Filter>Source Files</Filter>
    </ClCompile>
  </ItemGroup>
  <ItemGroup>
    <ClInclude Include="GameMaster.h">
      <Filter>Header Files</Filter>
    </ClInclude>
    <ClInclude Include="GameObject.h">
      <Filter>Header Files</Filter>
    </ClInclude>
    <ClInclude Include="GameEntity.h">
      <Filter>Header Files</Filter>
    </ClInclude>
    <ClInclude Include="FocusableElement.h">
      <Filter>Header Files</Filter>
    </ClInclude>
    <ClInclude Include="MobileEntity.h">
      <Filter>Header Files</Filter>
    </ClInclude>
    <ClInclude Include="Mur.h">
      <Filter>Header Files</Filter>
    </ClInclude>
    <ClInclude Include="OneWay.h">
      <Filter>Header Files</Filter>
    </ClInclude>
    <ClInclude Include="Scene.h">
      <Filter>Header Files</Filter>
    </ClInclude>
    <ClInclude Include="Player.h">
      <Filter>Header Files</Filter>
    </ClInclude>
    <ClInclude Include="Map.h">
      <Filter>Header Files</Filter>
    </ClInclude>
    <ClInclude Include="spike.h">
      <Filter>Header Files</Filter>
    </ClInclude>
    <ClInclude Include="MobileGameplayElement.h">
      <Filter>Header Files</Filter>
    </ClInclude>
    <ClInclude Include="PaintableElement.h">
      <Filter>Header Files</Filter>
    </ClInclude>
    <ClInclude Include="Bouteille.h">
      <Filter>Header Files</Filter>
    </ClInclude>
    <ClInclude Include="Switch.h">
      <Filter>Header Files</Filter>
    </ClInclude>
    <ClInclude Include="Rocher.h">
      <Filter>Header Files</Filter>
    </ClInclude>
  </ItemGroup>
  <ItemGroup>
    <Image Include="sprites\Player.png">
      <Filter>Resource Files</Filter>
    </Image>
    <Image Include="sprites\NonPlayerBleu.png">
      <Filter>Resource Files</Filter>
    </Image>
    <Image Include="sprites\PlayerBleu.png">
      <Filter>Resource Files</Filter>
    </Image>
    <Image Include="img\Global Sprite2.png">
      <Filter>Resource Files</Filter>
    </Image>
    <Image Include="img\Global Sprites.png">
      <Filter>Resource Files</Filter>
    </Image>
    <Image Include="img\NonPlayer.png">
      <Filter>Resource Files</Filter>
    </Image>
    <Image Include="img\NonPlayerBleu.png">
      <Filter>Resource Files</Filter>
    </Image>
    <Image Include="img\Player.png">
      <Filter>Resource Files</Filter>
    </Image>
    <Image Include="img\Player_left_animal.png">
      <Filter>Resource Files</Filter>
    </Image>
    <Image Include="img\Player_left_block.png">
      <Filter>Resource Files</Filter>
    </Image>
    <Image Include="img\Player_left_normal.png">
      <Filter>Resource Files</Filter>
    </Image>
    <Image Include="img\Player_left_rocher.png">
      <Filter>Resource Files</Filter>
    </Image>
    <Image Include="img\Player_right_animal.png">
      <Filter>Resource Files</Filter>
    </Image>
    <Image Include="img\Player_right_block.png">
      <Filter>Resource Files</Filter>
    </Image>
    <Image Include="img\Player_right_normal.png">
      <Filter>Resource Files</Filter>
    </Image>
    <Image Include="img\Player_right_rocher.png">
      <Filter>Resource Files</Filter>
    </Image>
    <Image Include="img\PlayerBleu.png">
      <Filter>Resource Files</Filter>
    </Image>
    <Image Include="img\test.png">
      <Filter>Resource Files</Filter>
    </Image>
    <Image Include="img\test2.png">
      <Filter>Resource Files</Filter>
    </Image>
  </ItemGroup>
  <ItemGroup>
    <Font Include="PressStart2P-Regular.ttf">
      <Filter>Resource Files</Filter>
    </Font>
  </ItemGroup>
</Project>